
Microsoft Visual Studio Solution File, Format Version 12.00
# Visual Studio Version 17
VisualStudioVersion = 17.11.34909.67
MinimumVisualStudioVersion = 10.0.40219.1
Project("{FAE04EC0-301F-11D3-BF4B-00C04F79EFBC}") = "TallerLayouts", "TallerLayouts\TallerLayouts.csproj", "{8C917112-ED6B-4F9F-BD1C-F243D085FA9E}"
EndProject
Global
	GlobalSection(SolutionConfigurationPlatforms) = preSolution
		Debug|Any CPU = Debug|Any CPU
		Release|Any CPU = Release|Any CPU
	EndGlobalSection
	GlobalSection(ProjectConfigurationPlatforms) = postSolution
		{8C917112-ED6B-4F9F-BD1C-F243D085FA9E}.Debug|Any CPU.ActiveCfg = Debug|Any CPU
		{8C917112-ED6B-4F9F-BD1C-F243D085FA9E}.Debug|Any CPU.Build.0 = Debug|Any CPU
		{8C917112-ED6B-4F9F-BD1C-F243D085FA9E}.Debug|Any CPU.Deploy.0 = Debug|Any CPU
		{8C917112-ED6B-4F9F-BD1C-F243D085FA9E}.Release|Any CPU.ActiveCfg = Release|Any CPU
		{8C917112-ED6B-4F9F-BD1C-F243D085FA9E}.Release|Any CPU.Build.0 = Release|Any CPU
		{8C917112-ED6B-4F9F-BD1C-F243D085FA9E}.Release|Any CPU.Deploy.0 = Release|Any CPU
	EndGlobalSection
	GlobalSection(SolutionProperties) = preSolution
		HideSolutionNode = FALSE
	EndGlobalSection
	GlobalSection(ExtensibilityGlobals) = postSolution
		SolutionGuid = {CCBAE945-677B-420D-B63B-E504C90E23FB}
	EndGlobalSection
EndGlobal
